%{
  "decimal": {:hex, :decimal, "2.3.0", "3ad6255aa77b4a3c4f818171b12d237500e63525c2fd056699967a3e7ea20f62", [:mix], [], "hexpm", "a4d66355cb29cb47c3cf30e71329e58361cfcb37c34235ef3bf1d7bf3773aeac"},
  "ecto": {:hex, :ecto, "3.13.2", "7d0c0863f3fc8d71d17fc3ad3b9424beae13f02712ad84191a826c7169484f01", [:mix], [{:decimal, "~> 2.0", [hex: :decimal, repo: "hexpm", optional: false]}, {:jason, "~> 1.0", [hex: :jason, repo: "hexpm", optional: true]}, {:telemetry, "~> 0.4 or ~> 1.0", [hex: :telemetry, repo: "hexpm", optional: false]}], "hexpm", "669d9291370513ff56e7b7e7081b7af3283d02e046cf3d403053c557894a0b3e"},
  "m_goal": {:hex, :m_goal, "1.2.2", "17c9401171fd286c09f43e2f63612008676d02afd642fbc85c86fdc4cd04e2be", [:mix], [{:ecto, "~> 3.13", [hex: :ecto, repo: "hexpm", optional: false]}, {:recase, "~> 0.8", [hex: :recase, repo: "hexpm", optional: false]}], "hexpm", "b2ac4a8314bd28c8da653d1dfdf0e4f2487f13bec0c5696c2f44e58104a38b09"},
  "mime": {:hex, :mime, "2.0.7", "b8d739037be7cd402aee1ba0306edfdef982687ee7e9859bee6198c1e7e2f128", [:mix], [], "hexpm", "6171188e399ee16023ffc5b76ce445eb6d9672e2e241d2df6050f3c771e80ccd"},
  "open_api_spex": {:hex, :open_api_spex, "3.21.3", "df66190ab6d8bae96f2ee4b1fbec6808e899796c0ac4c383d6439990c72bd4ce", [:mix], [{:decimal, "~> 1.0 or ~> 2.0", [hex: :decimal, repo: "hexpm", optional: true]}, {:jason, "~> 1.0", [hex: :jason, repo: "hexpm", optional: true]}, {:plug, "~> 1.7", [hex: :plug, repo: "hexpm", optional: false]}, {:poison, "~> 3.0 or ~> 4.0 or ~> 5.0 or ~> 6.0", [hex: :poison, repo: "hexpm", optional: true]}, {:ymlr, "~> 2.0 or ~> 3.0 or ~> 4.0 or ~> 5.0", [hex: :ymlr, repo: "hexpm", optional: true]}], "hexpm", "7390e0d673376b2c6618996d1c4f1c602920d1458435790052cf4973a9254dea"},
  "plug": {:hex, :plug, "1.18.0", "d78df36c41f7e798f2edf1f33e1727eae438e9dd5d809a9997c463a108244042", [:mix], [{:mime, "~> 1.0 or ~> 2.0", [hex: :mime, repo: "hexpm", optional: false]}, {:plug_crypto, "~> 1.1.1 or ~> 1.2 or ~> 2.0", [hex: :plug_crypto, repo: "hexpm", optional: false]}, {:telemetry, "~> 0.4.3 or ~> 1.0", [hex: :telemetry, repo: "hexpm", optional: false]}], "hexpm", "819f9e176d51e44dc38132e132fe0accaf6767eab7f0303431e404da8476cfa2"},
  "plug_crypto": {:hex, :plug_crypto, "2.1.1", "19bda8184399cb24afa10be734f84a16ea0a2bc65054e23a62bb10f06bc89491", [:mix], [], "hexpm", "6470bce6ffe41c8bd497612ffde1a7e4af67f36a15eea5f921af71cf3e11247c"},
  "recase": {:hex, :recase, "0.8.1", "ab98cd35857a86fa5ca99036f575241d71d77d9c2ab0c39aacf1c9b61f6f7d1d", [:mix], [], "hexpm", "9fd8d63e7e43bd9ea385b12364e305778b2bbd92537e95c4b2e26fc507d5e4c2"},
  "telemetry": {:hex, :telemetry, "1.3.0", "fedebbae410d715cf8e7062c96a1ef32ec22e764197f70cda73d82778d61e7a2", [:rebar3], [], "hexpm", "7015fc8919dbe63764f4b4b87a95b7c0996bd539e0d499be6ec9d7f3875b79e6"},
}
